
Microsoft Visual Studio Solution File, Format Version 12.00
# Visual Studio Version 16
VisualStudioVersion = 16.0.31911.196
MinimumVisualStudioVersion = 10.0.40219.1
Project("{FAE04EC0-301F-11D3-BF4B-00C04F79EFBC}") = "EasySaveAppV0", "EasySaveAppV0\EasySaveAppV0.csproj", "{D7C6C603-05C9-42B1-9F68-E507829A2256}"
EndProject
Global
	GlobalSection(SolutionConfigurationPlatforms) = preSolution
		Debug|Any CPU = Debug|Any CPU
		Release|Any CPU = Release|Any CPU
	EndGlobalSection
	GlobalSection(ProjectConfigurationPlatforms) = postSolution
		{D7C6C603-05C9-42B1-9F68-E507829A2256}.Debug|Any CPU.ActiveCfg = Debug|Any CPU
		{D7C6C603-05C9-42B1-9F68-E507829A2256}.Debug|Any CPU.Build.0 = Debug|Any CPU
		{D7C6C603-05C9-42B1-9F68-E507829A2256}.Release|Any CPU.ActiveCfg = Release|Any CPU
		{D7C6C603-05C9-42B1-9F68-E507829A2256}.Release|Any CPU.Build.0 = Release|Any CPU
	EndGlobalSection
	GlobalSection(SolutionProperties) = preSolution
		HideSolutionNode = FALSE
	EndGlobalSection
	GlobalSection(ExtensibilityGlobals) = postSolution
		SolutionGuid = {FE12B417-05D1-4EFD-814E-C4E1BCD78ECB}
	EndGlobalSection
EndGlobal
