
Microsoft Visual Studio Solution File, Format Version 12.00
# Visual Studio Version 16
VisualStudioVersion = 16.0.31911.196
MinimumVisualStudioVersion = 10.0.40219.1
Project("{FAE04EC0-301F-11D3-BF4B-00C04F79EFBC}") = "EasySaveAppV2", "EasySaveAppV2\EasySaveAppV2.csproj", "{50B65BAD-00CC-42F1-82AD-58AB42D0F79A}"
EndProject
Global
	GlobalSection(SolutionConfigurationPlatforms) = preSolution
		Debug|Any CPU = Debug|Any CPU
		Release|Any CPU = Release|Any CPU
	EndGlobalSection
	GlobalSection(ProjectConfigurationPlatforms) = postSolution
		{50B65BAD-00CC-42F1-82AD-58AB42D0F79A}.Debug|Any CPU.ActiveCfg = Debug|Any CPU
		{50B65BAD-00CC-42F1-82AD-58AB42D0F79A}.Debug|Any CPU.Build.0 = Debug|Any CPU
		{50B65BAD-00CC-42F1-82AD-58AB42D0F79A}.Release|Any CPU.ActiveCfg = Release|Any CPU
		{50B65BAD-00CC-42F1-82AD-58AB42D0F79A}.Release|Any CPU.Build.0 = Release|Any CPU
	EndGlobalSection
	GlobalSection(SolutionProperties) = preSolution
		HideSolutionNode = FALSE
	EndGlobalSection
	GlobalSection(ExtensibilityGlobals) = postSolution
		SolutionGuid = {CE3909D7-A193-475E-B9DC-5DECE43D7739}
	EndGlobalSection
EndGlobal
